
Microsoft Visual Studio Solution File, Format Version 12.00
# Visual Studio Version 17
VisualStudioVersion = 17.11.35327.3
MinimumVisualStudioVersion = 10.0.40219.1
Project("{FAE04EC0-301F-11D3-BF4B-00C04F79EFBC}") = "ShapeBounce2024", "ShapeBounce2024.csproj", "{53962023-039A-4A54-9910-A731F8D2A89A}"
EndProject
Global
	GlobalSection(SolutionConfigurationPlatforms) = preSolution
		Debug|Any CPU = Debug|Any CPU
		Release|Any CPU = Release|Any CPU
	EndGlobalSection
	GlobalSection(ProjectConfigurationPlatforms) = postSolution
		{53962023-039A-4A54-9910-A731F8D2A89A}.Debug|Any CPU.ActiveCfg = Debug|Any CPU
		{53962023-039A-4A54-9910-A731F8D2A89A}.Debug|Any CPU.Build.0 = Debug|Any CPU
		{53962023-039A-4A54-9910-A731F8D2A89A}.Release|Any CPU.ActiveCfg = Release|Any CPU
		{53962023-039A-4A54-9910-A731F8D2A89A}.Release|Any CPU.Build.0 = Release|Any CPU
	EndGlobalSection
	GlobalSection(SolutionProperties) = preSolution
		HideSolutionNode = FALSE
	EndGlobalSection
	GlobalSection(ExtensibilityGlobals) = postSolution
		SolutionGuid = {A543D51E-2EF3-4438-966C-44971D2C71A3}
	EndGlobalSection
EndGlobal
